
Microsoft Visual Studio Solution File, Format Version 12.00
# Visual Studio 14
VisualStudioVersion = 14.0.25420.1
MinimumVisualStudioVersion = 10.0.40219.1
Project("{FAE04EC0-301F-11D3-BF4B-00C04F79EFBC}") = "MVCProj09292016", "MVCProj09292016\MVCProj09292016.csproj", "{0DB8B3D5-03D3-4D13-BF6C-FE576D5F3E54}"
EndProject
Project("{FAE04EC0-301F-11D3-BF4B-00C04F79EFBC}") = "MVCProj09292016.Tests", "MVCProj09292016.Tests\MVCProj09292016.Tests.csproj", "{C3A459E3-3351-40C1-B9CB-F7E43C7F8BEC}"
EndProject
Project("{00D1A9C2-B5F0-4AF3-8072-F6C62B433612}") = "SQLScriptProj", "SQLScriptProj\SQLScriptProj.sqlproj", "{A47F1E3C-6D9D-49BA-8E3B-1142CA5D2820}"
EndProject
Global
	GlobalSection(SolutionConfigurationPlatforms) = preSolution
		Debug|Any CPU = Debug|Any CPU
		Release|Any CPU = Release|Any CPU
	EndGlobalSection
	GlobalSection(ProjectConfigurationPlatforms) = postSolution
		{0DB8B3D5-03D3-4D13-BF6C-FE576D5F3E54}.Debug|Any CPU.ActiveCfg = Debug|Any CPU
		{0DB8B3D5-03D3-4D13-BF6C-FE576D5F3E54}.Debug|Any CPU.Build.0 = Debug|Any CPU
		{0DB8B3D5-03D3-4D13-BF6C-FE576D5F3E54}.Release|Any CPU.ActiveCfg = Release|Any CPU
		{0DB8B3D5-03D3-4D13-BF6C-FE576D5F3E54}.Release|Any CPU.Build.0 = Release|Any CPU
		{C3A459E3-3351-40C1-B9CB-F7E43C7F8BEC}.Debug|Any CPU.ActiveCfg = Debug|Any CPU
		{C3A459E3-3351-40C1-B9CB-F7E43C7F8BEC}.Debug|Any CPU.Build.0 = Debug|Any CPU
		{C3A459E3-3351-40C1-B9CB-F7E43C7F8BEC}.Release|Any CPU.ActiveCfg = Release|Any CPU
		{C3A459E3-3351-40C1-B9CB-F7E43C7F8BEC}.Release|Any CPU.Build.0 = Release|Any CPU
		{A47F1E3C-6D9D-49BA-8E3B-1142CA5D2820}.Debug|Any CPU.ActiveCfg = Debug|Any CPU
		{A47F1E3C-6D9D-49BA-8E3B-1142CA5D2820}.Debug|Any CPU.Build.0 = Debug|Any CPU
		{A47F1E3C-6D9D-49BA-8E3B-1142CA5D2820}.Debug|Any CPU.Deploy.0 = Debug|Any CPU
		{A47F1E3C-6D9D-49BA-8E3B-1142CA5D2820}.Release|Any CPU.ActiveCfg = Release|Any CPU
		{A47F1E3C-6D9D-49BA-8E3B-1142CA5D2820}.Release|Any CPU.Build.0 = Release|Any CPU
		{A47F1E3C-6D9D-49BA-8E3B-1142CA5D2820}.Release|Any CPU.Deploy.0 = Release|Any CPU
	EndGlobalSection
	GlobalSection(SolutionProperties) = preSolution
		HideSolutionNode = FALSE
	EndGlobalSection
EndGlobal
